
Microsoft Visual Studio Solution File, Format Version 12.00
# Visual Studio Version 17
VisualStudioVersion = 17.5.002.0
MinimumVisualStudioVersion = 10.0.40219.1
Project("{9A19103F-16F7-4668-BE54-9A1E7A4F7556}") = "demo", "demo\demo.csproj", "{501B1A2A-7C62-41D7-BA56-B609B6C57548}"
EndProject
Global
	GlobalSection(SolutionConfigurationPlatforms) = preSolution
		Debug|Any CPU = Debug|Any CPU
		Release|Any CPU = Release|Any CPU
	EndGlobalSection
	GlobalSection(ProjectConfigurationPlatforms) = postSolution
		{501B1A2A-7C62-41D7-BA56-B609B6C57548}.Debug|Any CPU.ActiveCfg = Debug|Any CPU
		{501B1A2A-7C62-41D7-BA56-B609B6C57548}.Debug|Any CPU.Build.0 = Debug|Any CPU
		{501B1A2A-7C62-41D7-BA56-B609B6C57548}.Release|Any CPU.ActiveCfg = Release|Any CPU
		{501B1A2A-7C62-41D7-BA56-B609B6C57548}.Release|Any CPU.Build.0 = Release|Any CPU
	EndGlobalSection
	GlobalSection(SolutionProperties) = preSolution
		HideSolutionNode = FALSE
	EndGlobalSection
	GlobalSection(ExtensibilityGlobals) = postSolution
		SolutionGuid = {3663D7CA-89BC-4071-8959-368EBA6F368C}
	EndGlobalSection
EndGlobal
